
Microsoft Visual Studio Solution File, Format Version 12.00
# Visual Studio 15
VisualStudioVersion = 15.0.27130.2003
MinimumVisualStudioVersion = 10.0.40219.1
Project("{9A19103F-16F7-4668-BE54-9A1E7A4F7556}") = "Threax.Tests", "Threax.Tests\Threax.Tests.csproj", "{F7F313E8-4445-4665-AD8A-3DE4052D5459}"
EndProject
Project("{FAE04EC0-301F-11D3-BF4B-00C04F79EFBC}") = "Threax.Tests.Tests", "Threax.Tests.Tests\Threax.Tests.Tests.csproj", "{2DAA5B81-D6C8-4EE6-871B-620BB17D1C8A}"
EndProject
Global
	GlobalSection(SolutionConfigurationPlatforms) = preSolution
		Debug|Any CPU = Debug|Any CPU
		Release|Any CPU = Release|Any CPU
	EndGlobalSection
	GlobalSection(ProjectConfigurationPlatforms) = postSolution
		{F7F313E8-4445-4665-AD8A-3DE4052D5459}.Debug|Any CPU.ActiveCfg = Debug|Any CPU
		{F7F313E8-4445-4665-AD8A-3DE4052D5459}.Debug|Any CPU.Build.0 = Debug|Any CPU
		{F7F313E8-4445-4665-AD8A-3DE4052D5459}.Release|Any CPU.ActiveCfg = Release|Any CPU
		{F7F313E8-4445-4665-AD8A-3DE4052D5459}.Release|Any CPU.Build.0 = Release|Any CPU
		{2DAA5B81-D6C8-4EE6-871B-620BB17D1C8A}.Debug|Any CPU.ActiveCfg = Debug|Any CPU
		{2DAA5B81-D6C8-4EE6-871B-620BB17D1C8A}.Debug|Any CPU.Build.0 = Debug|Any CPU
		{2DAA5B81-D6C8-4EE6-871B-620BB17D1C8A}.Release|Any CPU.ActiveCfg = Release|Any CPU
		{2DAA5B81-D6C8-4EE6-871B-620BB17D1C8A}.Release|Any CPU.Build.0 = Release|Any CPU
	EndGlobalSection
	GlobalSection(SolutionProperties) = preSolution
		HideSolutionNode = FALSE
	EndGlobalSection
	GlobalSection(ExtensibilityGlobals) = postSolution
		SolutionGuid = {C272FF54-1C6A-46C8-A557-18636C9C776A}
	EndGlobalSection
EndGlobal
